// !$*UTF8*$!
{
	archiveVersion = 1;
	classes = {
	};
	objectVersion = 55;
	objects = {

/* Begin PBXBuildFile section */
		5B04159728C2BBA000F1C35B /* FavoritesViewController.swift in Sources */ = {isa = PBXBuildFile; fileRef = 5B04159628C2BBA000F1C35B /* FavoritesViewController.swift */; };
		5B04159928C2BBB100F1C35B /* HelpViewController.swift in Sources */ = {isa = PBXBuildFile; fileRef = 5B04159828C2BBB100F1C35B /* HelpViewController.swift */; };
		5B04159B28C2BE4C00F1C35B /* Assets.xcassets in Resources */ = {isa = PBXBuildFile; fileRef = 5B04159A28C2BE4B00F1C35B /* Assets.xcassets */; };
		5BFB4EC328C2ABA70049C238 /* AppDelegate.swift in Sources */ = {isa = PBXBuildFile; fileRef = 5BFB4EC228C2ABA70049C238 /* AppDelegate.swift */; };
		5BFB4EC528C2ABA70049C238 /* SceneDelegate.swift in Sources */ = {isa = PBXBuildFile; fileRef = 5BFB4EC428C2ABA70049C238 /* SceneDelegate.swift */; };
		5BFB4EC728C2ABA70049C238 /* ViewController.swift in Sources */ = {isa = PBXBuildFile; fileRef = 5BFB4EC628C2ABA70049C238 /* ViewController.swift */; };
		5BFB4ECA28C2ABA70049C238 /* Main.storyboard in Resources */ = {isa = PBXBuildFile; fileRef = 5BFB4EC828C2ABA70049C238 /* Main.storyboard */; };
		5BFB4ECF28C2ABA90049C238 /* LaunchScreen.storyboard in Resources */ = {isa = PBXBuildFile; fileRef = 5BFB4ECD28C2ABA90049C238 /* LaunchScreen.storyboard */; };
		5BFB4ED728C2AE340049C238 /* HomeViewController.swift in Sources */ = {isa = PBXBuildFile; fileRef = 5BFB4ED628C2AE340049C238 /* HomeViewController.swift */; };
		5BFB4ED928C2AE8A0049C238 /* DetailViewController.swift in Sources */ = {isa = PBXBuildFile; fileRef = 5BFB4ED828C2AE8A0049C238 /* DetailViewController.swift */; };
		5BFB4EDB28C2B00F0049C238 /* MoreViewController.swift in Sources */ = {isa = PBXBuildFile; fileRef = 5BFB4EDA28C2B00F0049C238 /* MoreViewController.swift */; };
		A729F41728D156F500BBBC30 /* Movie.swift in Sources */ = {isa = PBXBuildFile; fileRef = A729F41628D156F500BBBC30 /* Movie.swift */; };
		A729F41928D1571500BBBC30 /* MovieDataManager.swift in Sources */ = {isa = PBXBuildFile; fileRef = A729F41828D1571500BBBC30 /* MovieDataManager.swift */; };
		A729F41B28D157F500BBBC30 /* Genre.swift in Sources */ = {isa = PBXBuildFile; fileRef = A729F41A28D157F500BBBC30 /* Genre.swift */; };
		A729F41D28D1581100BBBC30 /* GenreDataManager.swift in Sources */ = {isa = PBXBuildFile; fileRef = A729F41C28D1581100BBBC30 /* GenreDataManager.swift */; };
		A729F42128D15A3000BBBC30 /* movies.json in Resources */ = {isa = PBXBuildFile; fileRef = A729F41F28D15A3000BBBC30 /* movies.json */; };
		A729F42228D15A3000BBBC30 /* genres.json in Resources */ = {isa = PBXBuildFile; fileRef = A729F42028D15A3000BBBC30 /* genres.json */; };
		A7A32D9428D4EEDB00B06F40 /* GenreCollectionViewCell.swift in Sources */ = {isa = PBXBuildFile; fileRef = A7A32D9328D4EEDB00B06F40 /* GenreCollectionViewCell.swift */; };
/* End PBXBuildFile section */

/* Begin PBXFileReference section */
		5B04159628C2BBA000F1C35B /* FavoritesViewController.swift */ = {isa = PBXFileReference; lastKnownFileType = sourcecode.swift; path = FavoritesViewController.swift; sourceTree = "<group>"; };
		5B04159828C2BBB100F1C35B /* HelpViewController.swift */ = {isa = PBXFileReference; lastKnownFileType = sourcecode.swift; path = HelpViewController.swift; sourceTree = "<group>"; };
		5B04159A28C2BE4B00F1C35B /* Assets.xcassets */ = {isa = PBXFileReference; lastKnownFileType = folder.assetcatalog; name = Assets.xcassets; path = ../../../../../Downloads/Assets.xcassets; sourceTree = "<group>"; };
		5BFB4EBF28C2ABA70049C238 /* Ejemplo 4 - NavApp.app */ = {isa = PBXFileReference; explicitFileType = wrapper.application; includeInIndex = 0; path = "Ejemplo 4 - NavApp.app"; sourceTree = BUILT_PRODUCTS_DIR; };
		5BFB4EC228C2ABA70049C238 /* AppDelegate.swift */ = {isa = PBXFileReference; lastKnownFileType = sourcecode.swift; path = AppDelegate.swift; sourceTree = "<group>"; };
		5BFB4EC428C2ABA70049C238 /* SceneDelegate.swift */ = {isa = PBXFileReference; lastKnownFileType = sourcecode.swift; path = SceneDelegate.swift; sourceTree = "<group>"; };
		5BFB4EC628C2ABA70049C238 /* ViewController.swift */ = {isa = PBXFileReference; lastKnownFileType = sourcecode.swift; path = ViewController.swift; sourceTree = "<group>"; };
		5BFB4EC928C2ABA70049C238 /* Base */ = {isa = PBXFileReference; lastKnownFileType = file.storyboard; name = Base; path = Base.lproj/Main.storyboard; sourceTree = "<group>"; };
		5BFB4ECE28C2ABA90049C238 /* Base */ = {isa = PBXFileReference; lastKnownFileType = file.storyboard; name = Base; path = Base.lproj/LaunchScreen.storyboard; sourceTree = "<group>"; };
		5BFB4ED028C2ABA90049C238 /* Info.plist */ = {isa = PBXFileReference; lastKnownFileType = text.plist.xml; path = Info.plist; sourceTree = "<group>"; };
		5BFB4ED628C2AE340049C238 /* HomeViewController.swift */ = {isa = PBXFileReference; lastKnownFileType = sourcecode.swift; path = HomeViewController.swift; sourceTree = "<group>"; };
		5BFB4ED828C2AE8A0049C238 /* DetailViewController.swift */ = {isa = PBXFileReference; lastKnownFileType = sourcecode.swift; path = DetailViewController.swift; sourceTree = "<group>"; };
		5BFB4EDA28C2B00F0049C238 /* MoreViewController.swift */ = {isa = PBXFileReference; lastKnownFileType = sourcecode.swift; path = MoreViewController.swift; sourceTree = "<group>"; };
		A729F41628D156F500BBBC30 /* Movie.swift */ = {isa = PBXFileReference; lastKnownFileType = sourcecode.swift; path = Movie.swift; sourceTree = "<group>"; };
		A729F41828D1571500BBBC30 /* MovieDataManager.swift */ = {isa = PBXFileReference; lastKnownFileType = sourcecode.swift; path = MovieDataManager.swift; sourceTree = "<group>"; };
		A729F41A28D157F500BBBC30 /* Genre.swift */ = {isa = PBXFileReference; lastKnownFileType = sourcecode.swift; path = Genre.swift; sourceTree = "<group>"; };
		A729F41C28D1581100BBBC30 /* GenreDataManager.swift */ = {isa = PBXFileReference; lastKnownFileType = sourcecode.swift; path = GenreDataManager.swift; sourceTree = "<group>"; };
		A729F41F28D15A3000BBBC30 /* movies.json */ = {isa = PBXFileReference; fileEncoding = 4; lastKnownFileType = text.json; path = movies.json; sourceTree = "<group>"; };
		A729F42028D15A3000BBBC30 /* genres.json */ = {isa = PBXFileReference; fileEncoding = 4; lastKnownFileType = text.json; path = genres.json; sourceTree = "<group>"; };
		A7A32D9328D4EEDB00B06F40 /* GenreCollectionViewCell.swift */ = {isa = PBXFileReference; lastKnownFileType = sourcecode.swift; path = GenreCollectionViewCell.swift; sourceTree = "<group>"; };
/* End PBXFileReference section */

/* Begin PBXFrameworksBuildPhase section */
		5BFB4EBC28C2ABA70049C238 /* Frameworks */ = {
			isa = PBXFrameworksBuildPhase;
			buildActionMask = 2147483647;
			files = (
			);
			runOnlyForDeploymentPostprocessing = 0;
		};
/* End PBXFrameworksBuildPhase section */

/* Begin PBXGroup section */
		5BFB4EB628C2ABA70049C238 = {
			isa = PBXGroup;
			children = (
				5BFB4EC128C2ABA70049C238 /* Ejemplo 4 - NavApp */,
				5BFB4EC028C2ABA70049C238 /* Products */,
			);
			sourceTree = "<group>";
		};
		5BFB4EC028C2ABA70049C238 /* Products */ = {
			isa = PBXGroup;
			children = (
				5BFB4EBF28C2ABA70049C238 /* Ejemplo 4 - NavApp.app */,
			);
			name = Products;
			sourceTree = "<group>";
		};
		5BFB4EC128C2ABA70049C238 /* Ejemplo 4 - NavApp */ = {
			isa = PBXGroup;
			children = (
				A729F41E28D1597100BBBC30 /* Data */,
				A729F41528D156E300BBBC30 /* Model */,
				5BFB4EC228C2ABA70049C238 /* AppDelegate.swift */,
				5BFB4EC428C2ABA70049C238 /* SceneDelegate.swift */,
				5BFB4EC628C2ABA70049C238 /* ViewController.swift */,
				5BFB4ED628C2AE340049C238 /* HomeViewController.swift */,
				5BFB4ED828C2AE8A0049C238 /* DetailViewController.swift */,
				5BFB4EDA28C2B00F0049C238 /* MoreViewController.swift */,
				5B04159628C2BBA000F1C35B /* FavoritesViewController.swift */,
				A7A32D9328D4EEDB00B06F40 /* GenreCollectionViewCell.swift */,
				5B04159828C2BBB100F1C35B /* HelpViewController.swift */,
				5BFB4EC828C2ABA70049C238 /* Main.storyboard */,
				5BFB4ECD28C2ABA90049C238 /* LaunchScreen.storyboard */,
				5BFB4ED028C2ABA90049C238 /* Info.plist */,
				5B04159A28C2BE4B00F1C35B /* Assets.xcassets */,
			);
			path = "Ejemplo 4 - NavApp";
			sourceTree = "<group>";
		};
		A729F41528D156E300BBBC30 /* Model */ = {
			isa = PBXGroup;
			children = (
				A729F41628D156F500BBBC30 /* Movie.swift */,
				A729F41828D1571500BBBC30 /* MovieDataManager.swift */,
				A729F41A28D157F500BBBC30 /* Genre.swift */,
				A729F41C28D1581100BBBC30 /* GenreDataManager.swift */,
			);
			path = Model;
			sourceTree = "<group>";
		};
		A729F41E28D1597100BBBC30 /* Data */ = {
			isa = PBXGroup;
			children = (
				A729F42028D15A3000BBBC30 /* genres.json */,
				A729F41F28D15A3000BBBC30 /* movies.json */,
			);
			path = Data;
			sourceTree = "<group>";
		};
/* End PBXGroup section */

/* Begin PBXNativeTarget section */
		5BFB4EBE28C2ABA70049C238 /* Ejemplo 4 - NavApp */ = {
			isa = PBXNativeTarget;
			buildConfigurationList = 5BFB4ED328C2ABA90049C238 /* Build configuration list for PBXNativeTarget "Ejemplo 4 - NavApp" */;
			buildPhases = (
				5BFB4EBB28C2ABA70049C238 /* Sources */,
				5BFB4EBC28C2ABA70049C238 /* Frameworks */,
				5BFB4EBD28C2ABA70049C238 /* Resources */,
			);
			buildRules = (
			);
			dependencies = (
			);
			name = "Ejemplo 4 - NavApp";
			productName = "Ejemplo 4 - NavApp";
			productReference = 5BFB4EBF28C2ABA70049C238 /* Ejemplo 4 - NavApp.app */;
			productType = "com.apple.product-type.application";
		};
/* End PBXNativeTarget section */

/* Begin PBXProject section */
		5BFB4EB728C2ABA70049C238 /* Project object */ = {
			isa = PBXProject;
			attributes = {
				BuildIndependentTargetsInParallel = 1;
				LastSwiftUpdateCheck = 1320;
				LastUpgradeCheck = 1320;
				TargetAttributes = {
					5BFB4EBE28C2ABA70049C238 = {
						CreatedOnToolsVersion = 13.2;
					};
				};
			};
			buildConfigurationList = 5BFB4EBA28C2ABA70049C238 /* Build configuration list for PBXProject "Ejemplo 4 - NavApp" */;
			compatibilityVersion = "Xcode 13.0";
			developmentRegion = en;
			hasScannedForEncodings = 0;
			knownRegions = (
				en,
				Base,
			);
			mainGroup = 5BFB4EB628C2ABA70049C238;
			productRefGroup = 5BFB4EC028C2ABA70049C238 /* Products */;
			projectDirPath = "";
			projectRoot = "";
			targets = (
				5BFB4EBE28C2ABA70049C238 /* Ejemplo 4 - NavApp */,
			);
		};
/* End PBXProject section */

/* Begin PBXResourcesBuildPhase section */
		5BFB4EBD28C2ABA70049C238 /* Resources */ = {
			isa = PBXResourcesBuildPhase;
			buildActionMask = 2147483647;
			files = (
				5BFB4ECF28C2ABA90049C238 /* LaunchScreen.storyboard in Resources */,
				5B04159B28C2BE4C00F1C35B /* Assets.xcassets in Resources */,
				A729F42228D15A3000BBBC30 /* genres.json in Resources */,
				A729F42128D15A3000BBBC30 /* movies.json in Resources */,
				5BFB4ECA28C2ABA70049C238 /* Main.storyboard in Resources */,
			);
			runOnlyForDeploymentPostprocessing = 0;
		};
/* End PBXResourcesBuildPhase section */

/* Begin PBXSourcesBuildPhase section */
		5BFB4EBB28C2ABA70049C238 /* Sources */ = {
			isa = PBXSourcesBuildPhase;
			buildActionMask = 2147483647;
			files = (
				5BFB4EC728C2ABA70049C238 /* ViewController.swift in Sources */,
				5BFB4EC328C2ABA70049C238 /* AppDelegate.swift in Sources */,
				A729F41928D1571500BBBC30 /* MovieDataManager.swift in Sources */,
				A729F41B28D157F500BBBC30 /* Genre.swift in Sources */,
				A729F41728D156F500BBBC30 /* Movie.swift in Sources */,
				5B04159728C2BBA000F1C35B /* FavoritesViewController.swift in Sources */,
				5B04159928C2BBB100F1C35B /* HelpViewController.swift in Sources */,
				A729F41D28D1581100BBBC30 /* GenreDataManager.swift in Sources */,
				5BFB4ED928C2AE8A0049C238 /* DetailViewController.swift in Sources */,
				5BFB4EDB28C2B00F0049C238 /* MoreViewController.swift in Sources */,
				5BFB4EC528C2ABA70049C238 /* SceneDelegate.swift in Sources */,
				A7A32D9428D4EEDB00B06F40 /* GenreCollectionViewCell.swift in Sources */,
				5BFB4ED728C2AE340049C238 /* HomeViewController.swift in Sources */,
			);
			runOnlyForDeploymentPostprocessing = 0;
		};
/* End PBXSourcesBuildPhase section */

/* Begin PBXVariantGroup section */
		5BFB4EC828C2ABA70049C238 /* Main.storyboard */ = {
			isa = PBXVariantGroup;
			children = (
				5BFB4EC928C2ABA70049C238 /* Base */,
			);
			name = Main.storyboard;
			sourceTree = "<group>";
		};
		5BFB4ECD28C2ABA90049C238 /* LaunchScreen.storyboard */ = {
			isa = PBXVariantGroup;
			children = (
				5BFB4ECE28C2ABA90049C238 /* Base */,
			);
			name = LaunchScreen.storyboard;
			sourceTree = "<group>";
		};
/* End PBXVariantGroup section */

/* Begin XCBuildConfiguration section */
		5BFB4ED128C2ABA90049C238 /* Debug */ = {
			isa = XCBuildConfiguration;
			buildSettings = {
				ALWAYS_SEARCH_USER_PATHS = NO;
				CLANG_ANALYZER_NONNULL = YES;
				CLANG_ANALYZER_NUMBER_OBJECT_CONVERSION = YES_AGGRESSIVE;
				CLANG_CXX_LANGUAGE_STANDARD = "gnu++17";
				CLANG_CXX_LIBRARY = "libc++";
				CLANG_ENABLE_MODULES = YES;
				CLANG_ENABLE_OBJC_ARC = YES;
				CLANG_ENABLE_OBJC_WEAK = YES;
				CLANG_WARN_BLOCK_CAPTURE_AUTORELEASING = YES;
				CLANG_WARN_BOOL_CONVERSION = YES;
				CLANG_WARN_COMMA = YES;
				CLANG_WARN_CONSTANT_CONVERSION = YES;
				CLANG_WARN_DEPRECATED_OBJC_IMPLEMENTATIONS = YES;
				CLANG_WARN_DIRECT_OBJC_ISA_USAGE = YES_ERROR;
				CLANG_WARN_DOCUMENTATION_COMMENTS = YES;
				CLANG_WARN_EMPTY_BODY = YES;
				CLANG_WARN_ENUM_CONVERSION = YES;
				CLANG_WARN_INFINITE_RECURSION = YES;
				CLANG_WARN_INT_CONVERSION = YES;
				CLANG_WARN_NON_LITERAL_NULL_CONVERSION = YES;
				CLANG_WARN_OBJC_IMPLICIT_RETAIN_SELF = YES;
				CLANG_WARN_OBJC_LITERAL_CONVERSION = YES;
				CLANG_WARN_OBJC_ROOT_CLASS = YES_ERROR;
				CLANG_WARN_QUOTED_INCLUDE_IN_FRAMEWORK_HEADER = YES;
				CLANG_WARN_RANGE_LOOP_ANALYSIS = YES;
				CLANG_WARN_STRICT_PROTOTYPES = YES;
				CLANG_WARN_SUSPICIOUS_MOVE = YES;
				CLANG_WARN_UNGUARDED_AVAILABILITY = YES_AGGRESSIVE;
				CLANG_WARN_UNREACHABLE_CODE = YES;
				CLANG_WARN__DUPLICATE_METHOD_MATCH = YES;
				COPY_PHASE_STRIP = NO;
				DEBUG_INFORMATION_FORMAT = dwarf;
				ENABLE_STRICT_OBJC_MSGSEND = YES;
				ENABLE_TESTABILITY = YES;
				GCC_C_LANGUAGE_STANDARD = gnu11;
				GCC_DYNAMIC_NO_PIC = NO;
				GCC_NO_COMMON_BLOCKS = YES;
				GCC_OPTIMIZATION_LEVEL = 0;
				GCC_PREPROCESSOR_DEFINITIONS = (
					"DEBUG=1",
					"$(inherited)",
				);
				GCC_WARN_64_TO_32_BIT_CONVERSION = YES;
				GCC_WARN_ABOUT_RETURN_TYPE = YES_ERROR;
				GCC_WARN_UNDECLARED_SELECTOR = YES;
				GCC_WARN_UNINITIALIZED_AUTOS = YES_AGGRESSIVE;
				GCC_WARN_UNUSED_FUNCTION = YES;
				GCC_WARN_UNUSED_VARIABLE = YES;
				IPHONEOS_DEPLOYMENT_TARGET = 15.2;
				MTL_ENABLE_DEBUG_INFO = INCLUDE_SOURCE;
				MTL_FAST_MATH = YES;
				ONLY_ACTIVE_ARCH = YES;
				SDKROOT = iphoneos;
				SWIFT_ACTIVE_COMPILATION_CONDITIONS = DEBUG;
				SWIFT_OPTIMIZATION_LEVEL = "-Onone";
			};
			name = Debug;
		};
		5BFB4ED228C2ABA90049C238 /* Release */ = {
			isa = XCBuildConfiguration;
			buildSettings = {
				ALWAYS_SEARCH_USER_PATHS = NO;
				CLANG_ANALYZER_NONNULL = YES;
				CLANG_ANALYZER_NUMBER_OBJECT_CONVERSION = YES_AGGRESSIVE;
				CLANG_CXX_LANGUAGE_STANDARD = "gnu++17";
				CLANG_CXX_LIBRARY = "libc++";
				CLANG_ENABLE_MODULES = YES;
				CLANG_ENABLE_OBJC_ARC = YES;
				CLANG_ENABLE_OBJC_WEAK = YES;
				CLANG_WARN_BLOCK_CAPTURE_AUTORELEASING = YES;
				CLANG_WARN_BOOL_CONVERSION = YES;
				CLANG_WARN_COMMA = YES;
				CLANG_WARN_CONSTANT_CONVERSION = YES;
				CLANG_WARN_DEPRECATED_OBJC_IMPLEMENTATIONS = YES;
				CLANG_WARN_DIRECT_OBJC_ISA_USAGE = YES_ERROR;
				CLANG_WARN_DOCUMENTATION_COMMENTS = YES;
				CLANG_WARN_EMPTY_BODY = YES;
				CLANG_WARN_ENUM_CONVERSION = YES;
				CLANG_WARN_INFINITE_RECURSION = YES;
				CLANG_WARN_INT_CONVERSION = YES;
				CLANG_WARN_NON_LITERAL_NULL_CONVERSION = YES;
				CLANG_WARN_OBJC_IMPLICIT_RETAIN_SELF = YES;
				CLANG_WARN_OBJC_LITERAL_CONVERSION = YES;
				CLANG_WARN_OBJC_ROOT_CLASS = YES_ERROR;
				CLANG_WARN_QUOTED_INCLUDE_IN_FRAMEWORK_HEADER = YES;
				CLANG_WARN_RANGE_LOOP_ANALYSIS = YES;
				CLANG_WARN_STRICT_PROTOTYPES = YES;
				CLANG_WARN_SUSPICIOUS_MOVE = YES;
				CLANG_WARN_UNGUARDED_AVAILABILITY = YES_AGGRESSIVE;
				CLANG_WARN_UNREACHABLE_CODE = YES;
				CLANG_WARN__DUPLICATE_METHOD_MATCH = YES;
				COPY_PHASE_STRIP = NO;
				DEBUG_INFORMATION_FORMAT = "dwarf-with-dsym";
				ENABLE_NS_ASSERTIONS = NO;
				ENABLE_STRICT_OBJC_MSGSEND = YES;
				GCC_C_LANGUAGE_STANDARD = gnu11;
				GCC_NO_COMMON_BLOCKS = YES;
				GCC_WARN_64_TO_32_BIT_CONVERSION = YES;
				GCC_WARN_ABOUT_RETURN_TYPE = YES_ERROR;
				GCC_WARN_UNDECLARED_SELECTOR = YES;
				GCC_WARN_UNINITIALIZED_AUTOS = YES_AGGRESSIVE;
				GCC_WARN_UNUSED_FUNCTION = YES;
				GCC_WARN_UNUSED_VARIABLE = YES;
				IPHONEOS_DEPLOYMENT_TARGET = 15.2;
				MTL_ENABLE_DEBUG_INFO = NO;
				MTL_FAST_MATH = YES;
				SDKROOT = iphoneos;
				SWIFT_COMPILATION_MODE = wholemodule;
				SWIFT_OPTIMIZATION_LEVEL = "-O";
				VALIDATE_PRODUCT = YES;
			};
			name = Release;
		};
		5BFB4ED428C2ABA90049C238 /* Debug */ = {
			isa = XCBuildConfiguration;
			buildSettings = {
				ASSETCATALOG_COMPILER_APPICON_NAME = AppIcon;
				ASSETCATALOG_COMPILER_GLOBAL_ACCENT_COLOR_NAME = AccentColor;
				CODE_SIGN_STYLE = Automatic;
				CURRENT_PROJECT_VERSION = 1;
				DEVELOPMENT_TEAM = J2A6Q55Z2L;
				GENERATE_INFOPLIST_FILE = YES;
				INFOPLIST_FILE = "Ejemplo 4 - NavApp/Info.plist";
				INFOPLIST_KEY_UIApplicationSupportsIndirectInputEvents = YES;
				INFOPLIST_KEY_UILaunchStoryboardName = LaunchScreen;
				INFOPLIST_KEY_UIMainStoryboardFile = Main;
				INFOPLIST_KEY_UISupportedInterfaceOrientations_iPad = "UIInterfaceOrientationPortrait UIInterfaceOrientationPortraitUpsideDown UIInterfaceOrientationLandscapeLeft UIInterfaceOrientationLandscapeRight";
				INFOPLIST_KEY_UISupportedInterfaceOrientations_iPhone = "UIInterfaceOrientationPortrait UIInterfaceOrientationLandscapeLeft UIInterfaceOrientationLandscapeRight";
				LD_RUNPATH_SEARCH_PATHS = (
					"$(inherited)",
					"@executable_path/Frameworks",
				);
				MARKETING_VERSION = 1.0;
				PRODUCT_BUNDLE_IDENTIFIER = "mx.erick.Ejemplo-4---NavApp";
				PRODUCT_NAME = "$(TARGET_NAME)";
				SWIFT_EMIT_LOC_STRINGS = YES;
				SWIFT_VERSION = 5.0;
				TARGETED_DEVICE_FAMILY = 1;
			};
			name = Debug;
		};
		5BFB4ED528C2ABA90049C238 /* Release */ = {
			isa = XCBuildConfiguration;
			buildSettings = {
				ASSETCATALOG_COMPILER_APPICON_NAME = AppIcon;
				ASSETCATALOG_COMPILER_GLOBAL_ACCENT_COLOR_NAME = AccentColor;
				CODE_SIGN_STYLE = Automatic;
				CURRENT_PROJECT_VERSION = 1;
				DEVELOPMENT_TEAM = J2A6Q55Z2L;
				GENERATE_INFOPLIST_FILE = YES;
				INFOPLIST_FILE = "Ejemplo 4 - NavApp/Info.plist";
				INFOPLIST_KEY_UIApplicationSupportsIndirectInputEvents = YES;
				INFOPLIST_KEY_UILaunchStoryboardName = LaunchScreen;
				INFOPLIST_KEY_UIMainStoryboardFile = Main;
				INFOPLIST_KEY_UISupportedInterfaceOrientations_iPad = "UIInterfaceOrientationPortrait UIInterfaceOrientationPortraitUpsideDown UIInterfaceOrientationLandscapeLeft UIInterfaceOrientationLandscapeRight";
				INFOPLIST_KEY_UISupportedInterfaceOrientations_iPhone = "UIInterfaceOrientationPortrait UIInterfaceOrientationLandscapeLeft UIInterfaceOrientationLandscapeRight";
				LD_RUNPATH_SEARCH_PATHS = (
					"$(inherited)",
					"@executable_path/Frameworks",
				);
				MARKETING_VERSION = 1.0;
				PRODUCT_BUNDLE_IDENTIFIER = "mx.erick.Ejemplo-4---NavApp";
				PRODUCT_NAME = "$(TARGET_NAME)";
				SWIFT_EMIT_LOC_STRINGS = YES;
				SWIFT_VERSION = 5.0;
				TARGETED_DEVICE_FAMILY = 1;
			};
			name = Release;
		};
/* End XCBuildConfiguration section */

/* Begin XCConfigurationList section */
		5BFB4EBA28C2ABA70049C238 /* Build configuration list for PBXProject "Ejemplo 4 - NavApp" */ = {
			isa = XCConfigurationList;
			buildConfigurations = (
				5BFB4ED128C2ABA90049C238 /* Debug */,
				5BFB4ED228C2ABA90049C238 /* Release */,
			);
			defaultConfigurationIsVisible = 0;
			defaultConfigurationName = Release;
		};
		5BFB4ED328C2ABA90049C238 /* Build configuration list for PBXNativeTarget "Ejemplo 4 - NavApp" */ = {
			isa = XCConfigurationList;
			buildConfigurations = (
				5BFB4ED428C2ABA90049C238 /* Debug */,
				5BFB4ED528C2ABA90049C238 /* Release */,
			);
			defaultConfigurationIsVisible = 0;
			defaultConfigurationName = Release;
		};
/* End XCConfigurationList section */
	};
	rootObject = 5BFB4EB728C2ABA70049C238 /* Project object */;
}
